
Microsoft Visual Studio Solution File, Format Version 12.00
# Visual Studio Version 17
VisualStudioVersion = 17.9.34728.123
MinimumVisualStudioVersion = 10.0.40219.1
Project("{FAE04EC0-301F-11D3-BF4B-00C04F79EFBC}") = "MiSide.Plugin.AutoSkip", "MiSide.Plugin.AutoSkip.csproj", "{E6569FD9-D9F1-45B2-BE6E-AA91B288750D}"
EndProject
Global
	GlobalSection(SolutionConfigurationPlatforms) = preSolution
		Debug|Any CPU = Debug|Any CPU
		Release|Any CPU = Release|Any CPU
	EndGlobalSection
	GlobalSection(ProjectConfigurationPlatforms) = postSolution
		{E6569FD9-D9F1-45B2-BE6E-AA91B288750D}.Debug|Any CPU.ActiveCfg = Debug|Any CPU
		{E6569FD9-D9F1-45B2-BE6E-AA91B288750D}.Debug|Any CPU.Build.0 = Debug|Any CPU
		{E6569FD9-D9F1-45B2-BE6E-AA91B288750D}.Release|Any CPU.ActiveCfg = Release|Any CPU
		{E6569FD9-D9F1-45B2-BE6E-AA91B288750D}.Release|Any CPU.Build.0 = Release|Any CPU
	EndGlobalSection
	GlobalSection(SolutionProperties) = preSolution
		HideSolutionNode = FALSE
	EndGlobalSection
	GlobalSection(ExtensibilityGlobals) = postSolution
		SolutionGuid = {EEBDB5DF-95F1-4F8C-B5B3-9E43DCBBCE99}
	EndGlobalSection
EndGlobal
