
Microsoft Visual Studio Solution File, Format Version 12.00
# Visual Studio Version 17
VisualStudioVersion = 17.9.34728.123
MinimumVisualStudioVersion = 10.0.40219.1
Project("{FAE04EC0-301F-11D3-BF4B-00C04F79EFBC}") = "PhotoModeActive", "PhotoModeActive\PhotoModeActive.csproj", "{9E8AC794-D251-409E-BFFC-0B20213BC64F}"
EndProject
Global
	GlobalSection(SolutionConfigurationPlatforms) = preSolution
		Debug|Any CPU = Debug|Any CPU
		Release|Any CPU = Release|Any CPU
	EndGlobalSection
	GlobalSection(ProjectConfigurationPlatforms) = postSolution
		{9E8AC794-D251-409E-BFFC-0B20213BC64F}.Debug|Any CPU.ActiveCfg = Debug|Any CPU
		{9E8AC794-D251-409E-BFFC-0B20213BC64F}.Debug|Any CPU.Build.0 = Debug|Any CPU
		{9E8AC794-D251-409E-BFFC-0B20213BC64F}.Release|Any CPU.ActiveCfg = Release|Any CPU
		{9E8AC794-D251-409E-BFFC-0B20213BC64F}.Release|Any CPU.Build.0 = Release|Any CPU
	EndGlobalSection
	GlobalSection(SolutionProperties) = preSolution
		HideSolutionNode = FALSE
	EndGlobalSection
	GlobalSection(ExtensibilityGlobals) = postSolution
		SolutionGuid = {288B3865-5398-4B78-9662-73316A60ACDB}
	EndGlobalSection
EndGlobal
